
Microsoft Visual Studio Solution File, Format Version 12.00
# Visual Studio Version 17
VisualStudioVersion = 17.0.32112.339
MinimumVisualStudioVersion = 10.0.40219.1
Project("{FAE04EC0-301F-11D3-BF4B-00C04F79EFBC}") = "CoinLegsSignalForwarder", "CoinLegsSignalForwarder\CoinLegsSignalForwarder.csproj", "{9697B804-B0EF-4C6B-8DAA-1A00E74EC57D}"
EndProject
Global
	GlobalSection(SolutionConfigurationPlatforms) = preSolution
		Debug|Any CPU = Debug|Any CPU
		Release|Any CPU = Release|Any CPU
	EndGlobalSection
	GlobalSection(ProjectConfigurationPlatforms) = postSolution
		{9697B804-B0EF-4C6B-8DAA-1A00E74EC57D}.Debug|Any CPU.ActiveCfg = Debug|Any CPU
		{9697B804-B0EF-4C6B-8DAA-1A00E74EC57D}.Debug|Any CPU.Build.0 = Debug|Any CPU
		{9697B804-B0EF-4C6B-8DAA-1A00E74EC57D}.Release|Any CPU.ActiveCfg = Release|Any CPU
		{9697B804-B0EF-4C6B-8DAA-1A00E74EC57D}.Release|Any CPU.Build.0 = Release|Any CPU
	EndGlobalSection
	GlobalSection(SolutionProperties) = preSolution
		HideSolutionNode = FALSE
	EndGlobalSection
	GlobalSection(ExtensibilityGlobals) = postSolution
		SolutionGuid = {DE7127C9-98A1-4F9D-B126-E86C9796F123}
	EndGlobalSection
EndGlobal
